
Microsoft Visual Studio Solution File, Format Version 12.00
# Visual Studio Version 16
VisualStudioVersion = 16.0.29509.3
MinimumVisualStudioVersion = 10.0.40219.1
Project("{8BC9CEB8-8B4A-11D0-8D11-00A0C91BC942}") = "OOP-laba5", "OOP-laba5\OOP-laba5.vcxproj", "{DC6753B0-4A9C-4A9A-A16D-BC9C28BFF117}"
EndProject
Global
	GlobalSection(SolutionConfigurationPlatforms) = preSolution
		Debug|x64 = Debug|x64
		Debug|x86 = Debug|x86
		Release|x64 = Release|x64
		Release|x86 = Release|x86
	EndGlobalSection
	GlobalSection(ProjectConfigurationPlatforms) = postSolution
		{DC6753B0-4A9C-4A9A-A16D-BC9C28BFF117}.Debug|x64.ActiveCfg = Debug|x64
		{DC6753B0-4A9C-4A9A-A16D-BC9C28BFF117}.Debug|x64.Build.0 = Debug|x64
		{DC6753B0-4A9C-4A9A-A16D-BC9C28BFF117}.Debug|x86.ActiveCfg = Debug|Win32
		{DC6753B0-4A9C-4A9A-A16D-BC9C28BFF117}.Debug|x86.Build.0 = Debug|Win32
		{DC6753B0-4A9C-4A9A-A16D-BC9C28BFF117}.Release|x64.ActiveCfg = Release|x64
		{DC6753B0-4A9C-4A9A-A16D-BC9C28BFF117}.Release|x64.Build.0 = Release|x64
		{DC6753B0-4A9C-4A9A-A16D-BC9C28BFF117}.Release|x86.ActiveCfg = Release|Win32
		{DC6753B0-4A9C-4A9A-A16D-BC9C28BFF117}.Release|x86.Build.0 = Release|Win32
	EndGlobalSection
	GlobalSection(SolutionProperties) = preSolution
		HideSolutionNode = FALSE
	EndGlobalSection
	GlobalSection(ExtensibilityGlobals) = postSolution
		SolutionGuid = {35CAF8F3-323D-40C3-A673-DD6BFF8A2939}
	EndGlobalSection
EndGlobal
